
Microsoft Visual Studio Solution File, Format Version 12.00
# Visual Studio 2015
Project("{FAE04EC0-301F-11D3-BF4B-00C04F79EFBC}") = "BorkRPG", "BorkRPG.csproj", "{5AF74014-5F2F-119B-0C7A-4106480C8E0F}"
EndProject
Project("{FAE04EC0-301F-11D3-BF4B-00C04F79EFBC}") = "BorkRPG.Editor", "BorkRPG.Editor.csproj", "{ED34DCAE-E0AB-9C4D-EE71-52B0FDADC007}"
EndProject
Global
	GlobalSection(SolutionConfigurationPlatforms) = preSolution
		Debug|Any CPU = Debug|Any CPU
		Release|Any CPU = Release|Any CPU
	EndGlobalSection
	GlobalSection(ProjectConfigurationPlatforms) = postSolution
		{5AF74014-5F2F-119B-0C7A-4106480C8E0F}.Debug|Any CPU.ActiveCfg = Debug|Any CPU
		{5AF74014-5F2F-119B-0C7A-4106480C8E0F}.Debug|Any CPU.Build.0 = Debug|Any CPU
		{5AF74014-5F2F-119B-0C7A-4106480C8E0F}.Release|Any CPU.ActiveCfg = Release|Any CPU
		{5AF74014-5F2F-119B-0C7A-4106480C8E0F}.Release|Any CPU.Build.0 = Release|Any CPU
		{ED34DCAE-E0AB-9C4D-EE71-52B0FDADC007}.Debug|Any CPU.ActiveCfg = Debug|Any CPU
		{ED34DCAE-E0AB-9C4D-EE71-52B0FDADC007}.Debug|Any CPU.Build.0 = Debug|Any CPU
		{ED34DCAE-E0AB-9C4D-EE71-52B0FDADC007}.Release|Any CPU.ActiveCfg = Release|Any CPU
		{ED34DCAE-E0AB-9C4D-EE71-52B0FDADC007}.Release|Any CPU.Build.0 = Release|Any CPU
	EndGlobalSection
	GlobalSection(SolutionProperties) = preSolution
		HideSolutionNode = FALSE
	EndGlobalSection
EndGlobal
